
Microsoft Visual Studio Solution File, Format Version 12.00
# Visual Studio Version 16
VisualStudioVersion = 16.0.29123.88
MinimumVisualStudioVersion = 10.0.40219.1
Project("{F2A71F9B-5D33-465A-A702-920D77279786}") = "FAmbPunxa", "FAmbPunxa\FAmbPunxa.fsproj", "{B2459698-D5B7-4FE5-A981-996009086F1E}"
EndProject
Project("{F2A71F9B-5D33-465A-A702-920D77279786}") = "XUnitFAmbPunxa", "XUnitFAmbPunxa\XUnitFAmbPunxa.fsproj", "{76FE48BA-713B-496F-BC91-7A5C94CDB6FE}"
EndProject
Global
	GlobalSection(SolutionConfigurationPlatforms) = preSolution
		Debug|Any CPU = Debug|Any CPU
		Release|Any CPU = Release|Any CPU
	EndGlobalSection
	GlobalSection(ProjectConfigurationPlatforms) = postSolution
		{B2459698-D5B7-4FE5-A981-996009086F1E}.Debug|Any CPU.ActiveCfg = Debug|Any CPU
		{B2459698-D5B7-4FE5-A981-996009086F1E}.Debug|Any CPU.Build.0 = Debug|Any CPU
		{B2459698-D5B7-4FE5-A981-996009086F1E}.Release|Any CPU.ActiveCfg = Release|Any CPU
		{B2459698-D5B7-4FE5-A981-996009086F1E}.Release|Any CPU.Build.0 = Release|Any CPU
		{76FE48BA-713B-496F-BC91-7A5C94CDB6FE}.Debug|Any CPU.ActiveCfg = Debug|Any CPU
		{76FE48BA-713B-496F-BC91-7A5C94CDB6FE}.Debug|Any CPU.Build.0 = Debug|Any CPU
		{76FE48BA-713B-496F-BC91-7A5C94CDB6FE}.Release|Any CPU.ActiveCfg = Release|Any CPU
		{76FE48BA-713B-496F-BC91-7A5C94CDB6FE}.Release|Any CPU.Build.0 = Release|Any CPU
	EndGlobalSection
	GlobalSection(SolutionProperties) = preSolution
		HideSolutionNode = FALSE
	EndGlobalSection
	GlobalSection(ExtensibilityGlobals) = postSolution
		SolutionGuid = {A4CA54B8-8669-4440-9507-92D2B0B7025B}
	EndGlobalSection
EndGlobal
